<?xml version="1.0" encoding="UTF-8" standalone="yes" ?>
<CodeBlocks_project_file>
	<FileVersion major="1" minor="6" />
	<Project>
		<Option title="mybase" />
		<Option pch_mode="2" />
		<Option compiler="gcc" />
		<Build>
			<Target title="Debug">
				<Option output="bin/Debug/mybase" prefix_auto="1" extension_auto="1" />
				<Option object_output="obj/Debug/" />
				<Option type="1" />
				<Option compiler="gcc" />
				<Compiler>
					<Add option="-g" />
				</Compiler>
			</Target>
			<Target title="Release">
				<Option output="bin/Release/mybase" prefix_auto="1" extension_auto="1" />
				<Option object_output="obj/Release/" />
				<Option type="1" />
				<Option compiler="gcc" />
				<Compiler>
					<Add option="-O2" />
				</Compiler>
				<Linker>
					<Add option="-s" />
				</Linker>
			</Target>
		</Build>
		<Compiler>
			<Add option="-Wall" />
			<Add option="-fexceptions" />
		</Compiler>
		<Unit filename="bitmap.cpp" />
		<Unit filename="main.cpp" />
		<Unit filename="mybase.h" />
		<Unit filename="pf.h" />
		<Unit filename="pf_buffermgr.cpp" />
		<Unit filename="pf_buffermgr.h" />
		<Unit filename="pf_error.cpp" />
		<Unit filename="pf_filehandle.cpp" />
		<Unit filename="pf_hashtable.cpp" />
		<Unit filename="pf_hashtable.h" />
		<Unit filename="pf_internal.h" />
		<Unit filename="pf_manager.cpp" />
		<Unit filename="pf_pagehandle.cpp" />
		<Unit filename="pf_statistics.cpp" />
		<Unit filename="pf_test1.cpp" />
		<Unit filename="pf_test2.cpp" />
		<Unit filename="pf_test3.cpp" />
		<Unit filename="predicate.cpp" />
		<Unit filename="predicate.h" />
		<Unit filename="rm.h" />
		<Unit filename="rm_error.cpp" />
		<Unit filename="rm_error.h" />
		<Unit filename="rm_filehandle.cpp" />
		<Unit filename="rm_filescan.cpp" />
		<Unit filename="rm_manager.cpp" />
		<Unit filename="rm_record.cpp" />
		<Unit filename="rm_rid.h" />
		<Unit filename="rm_test.cpp" />
		<Unit filename="statistics.h" />
		<Extensions>
			<code_completion />
			<envvars />
			<lib_finder disable_auto="1" />
			<debugger />
		</Extensions>
	</Project>
</CodeBlocks_project_file>
